
Microsoft Visual Studio Solution File, Format Version 12.00
# Visual Studio Version 17
VisualStudioVersion = 17.11.35312.102
MinimumVisualStudioVersion = 10.0.40219.1
Project("{FAE04EC0-301F-11D3-BF4B-00C04F79EFBC}") = "DoneRight", "DoneRight\DoneRight.csproj", "{4A5165C8-F652-49F0-9CE6-D853887533F6}"
EndProject
Global
	GlobalSection(SolutionConfigurationPlatforms) = preSolution
		Debug|Any CPU = Debug|Any CPU
		Release|Any CPU = Release|Any CPU
	EndGlobalSection
	GlobalSection(ProjectConfigurationPlatforms) = postSolution
		{4A5165C8-F652-49F0-9CE6-D853887533F6}.Debug|Any CPU.ActiveCfg = Debug|Any CPU
		{4A5165C8-F652-49F0-9CE6-D853887533F6}.Debug|Any CPU.Build.0 = Debug|Any CPU
		{4A5165C8-F652-49F0-9CE6-D853887533F6}.Debug|Any CPU.Deploy.0 = Debug|Any CPU
		{4A5165C8-F652-49F0-9CE6-D853887533F6}.Release|Any CPU.ActiveCfg = Release|Any CPU
		{4A5165C8-F652-49F0-9CE6-D853887533F6}.Release|Any CPU.Build.0 = Release|Any CPU
		{4A5165C8-F652-49F0-9CE6-D853887533F6}.Release|Any CPU.Deploy.0 = Release|Any CPU
	EndGlobalSection
	GlobalSection(SolutionProperties) = preSolution
		HideSolutionNode = FALSE
	EndGlobalSection
	GlobalSection(ExtensibilityGlobals) = postSolution
		SolutionGuid = {991E07FE-7A4D-4E80-9C87-EB5E3C20B26E}
	EndGlobalSection
EndGlobal
